
Microsoft Visual Studio Solution File, Format Version 12.00
# Visual Studio Version 17
VisualStudioVersion = 17.4.33213.308
MinimumVisualStudioVersion = 10.0.40219.1
Project("{9A19103F-16F7-4668-BE54-9A1E7A4F7556}") = "POS_Server_DAL", "POS_Server_DAL\POS_Server_DAL.csproj", "{BBEA1BF9-9E5D-4B21-BCA5-5B1AB271113E}"
EndProject
Project("{9A19103F-16F7-4668-BE54-9A1E7A4F7556}") = "POS_Server_BLL", "POS_Server_BLL\POS_Server_BLL.csproj", "{D307FC37-053A-40C8-B8C4-A3978E1BBEDA}"
EndProject
Project("{FAE04EC0-301F-11D3-BF4B-00C04F79EFBC}") = "POS_Server_PL", "POS_Server_PL\POS_Server_PL.csproj", "{390CA668-E7AF-40E5-AB0E-EAE789D3DCC2}"
EndProject
Global
	GlobalSection(SolutionConfigurationPlatforms) = preSolution
		Debug|Any CPU = Debug|Any CPU
		Release|Any CPU = Release|Any CPU
	EndGlobalSection
	GlobalSection(ProjectConfigurationPlatforms) = postSolution
		{BBEA1BF9-9E5D-4B21-BCA5-5B1AB271113E}.Debug|Any CPU.ActiveCfg = Debug|Any CPU
		{BBEA1BF9-9E5D-4B21-BCA5-5B1AB271113E}.Debug|Any CPU.Build.0 = Debug|Any CPU
		{BBEA1BF9-9E5D-4B21-BCA5-5B1AB271113E}.Release|Any CPU.ActiveCfg = Release|Any CPU
		{BBEA1BF9-9E5D-4B21-BCA5-5B1AB271113E}.Release|Any CPU.Build.0 = Release|Any CPU
		{D307FC37-053A-40C8-B8C4-A3978E1BBEDA}.Debug|Any CPU.ActiveCfg = Debug|Any CPU
		{D307FC37-053A-40C8-B8C4-A3978E1BBEDA}.Debug|Any CPU.Build.0 = Debug|Any CPU
		{D307FC37-053A-40C8-B8C4-A3978E1BBEDA}.Release|Any CPU.ActiveCfg = Release|Any CPU
		{D307FC37-053A-40C8-B8C4-A3978E1BBEDA}.Release|Any CPU.Build.0 = Release|Any CPU
		{390CA668-E7AF-40E5-AB0E-EAE789D3DCC2}.Debug|Any CPU.ActiveCfg = Debug|Any CPU
		{390CA668-E7AF-40E5-AB0E-EAE789D3DCC2}.Debug|Any CPU.Build.0 = Debug|Any CPU
		{390CA668-E7AF-40E5-AB0E-EAE789D3DCC2}.Release|Any CPU.ActiveCfg = Release|Any CPU
		{390CA668-E7AF-40E5-AB0E-EAE789D3DCC2}.Release|Any CPU.Build.0 = Release|Any CPU
	EndGlobalSection
	GlobalSection(SolutionProperties) = preSolution
		HideSolutionNode = FALSE
	EndGlobalSection
	GlobalSection(ExtensibilityGlobals) = postSolution
		SolutionGuid = {D78CB455-3181-4122-A514-89610B510653}
	EndGlobalSection
EndGlobal
